{
    "_readme": [
        "This file locks the dependencies of your project to a known state",
        "Read more about it at https://getcomposer.org/doc/01-basic-usage.md#installing-dependencies",
        "This file is @generated automatically"
    ],
    "content-hash": "a5e363ebaeebc8f2f236b965877a0856",
    "packages": [],
    "packages-dev": [],
    "aliases": [],
    "minimum-stability": "stable",
    "stability-flags": {},
    "prefer-stable": true,
    "prefer-lowest": false,
    "platform": {
        "php": "^8.0",
        "ext-pdo": "*",
        "ext-mysqli": "*",
        "ext-json": "*",
        "ext-mbstring": "*",
        "ext-session": "*",
        "composer": "^2.9"
    },
    "platform-dev": {},
    "plugin-api-version": "2.9.0"
}
