{
    "_readme": [
        "This file locks the dependencies of your project to a known state",
        "Only edit at your own risk - this file is automatically updated by composer"
    ],
    "content-hash": "d751fc8a5c1b8b7c3b8f0e1c9a5a8b7e",
    "packages": [],
    "packages-dev": [
        {
            "name": "phpunit/phpunit",
            "version": "9.5.28",
            "version_normalized": "9.5.28.0",
            "source": {
                "type": "git",
                "url": "https://github.com/sebastianbergmann/phpunit.git",
                "reference": "913cbdf5d67ca4a2774fc3a113a8c8bde9b0b5f5"
            },
            "dist": {
                "type": "zip",
                "url": "https://api.github.com/repos/sebastianbergmann/phpunit/zipball/913cbdf5d67ca4a2774fc3a113a8c8bde9b0b5f5",
                "reference": "913cbdf5d67ca4a2774fc3a113a8c8bde9b0b5f5",
                "shasum": ""
            },
            "require": {
                "php": ">=7.3"
            },
            "require-dev": {
                "phpunit/phpunit": "^9.5"
            }
        }
    ],
    "aliases": [],
    "minimum-stability": "stable",
    "stability-flags": [],
    "prefer-stable": true,
    "prefer-lowest": false,
    "platform": {
        "php": "7.4"
    },
    "platform-dev": [],
    "plugin-api-version": "2.3.0"
}
